
Microsoft Visual Studio Solution File, Format Version 12.00
# Visual Studio Version 17
VisualStudioVersion = 17.11.35303.130
MinimumVisualStudioVersion = 10.0.40219.1
Project("{9A19103F-16F7-4668-BE54-9A1E7A4F7556}") = "windowsForms-client", "windowsForms-client.csproj", "{2FD10ECB-A4B9-4934-8642-070BD739EDE6}"
EndProject
Project("{FAE04EC0-301F-11D3-BF4B-00C04F79EFBC}") = "Tests", "..\Tests\Tests.csproj", "{E4205D6B-AFDB-4383-8611-6991780AEC20}"
EndProject
Global
	GlobalSection(SolutionConfigurationPlatforms) = preSolution
		Debug|Any CPU = Debug|Any CPU
		Release|Any CPU = Release|Any CPU
	EndGlobalSection
	GlobalSection(ProjectConfigurationPlatforms) = postSolution
		{2FD10ECB-A4B9-4934-8642-070BD739EDE6}.Debug|Any CPU.ActiveCfg = Debug|Any CPU
		{2FD10ECB-A4B9-4934-8642-070BD739EDE6}.Debug|Any CPU.Build.0 = Debug|Any CPU
		{2FD10ECB-A4B9-4934-8642-070BD739EDE6}.Release|Any CPU.ActiveCfg = Release|Any CPU
		{2FD10ECB-A4B9-4934-8642-070BD739EDE6}.Release|Any CPU.Build.0 = Release|Any CPU
		{E4205D6B-AFDB-4383-8611-6991780AEC20}.Debug|Any CPU.ActiveCfg = Debug|Any CPU
		{E4205D6B-AFDB-4383-8611-6991780AEC20}.Debug|Any CPU.Build.0 = Debug|Any CPU
		{E4205D6B-AFDB-4383-8611-6991780AEC20}.Release|Any CPU.ActiveCfg = Release|Any CPU
		{E4205D6B-AFDB-4383-8611-6991780AEC20}.Release|Any CPU.Build.0 = Release|Any CPU
	EndGlobalSection
	GlobalSection(SolutionProperties) = preSolution
		HideSolutionNode = FALSE
	EndGlobalSection
	GlobalSection(ExtensibilityGlobals) = postSolution
		SolutionGuid = {B451DFBD-04B6-4CA6-A3B8-880E89F5EACA}
	EndGlobalSection
EndGlobal
